
Microsoft Visual Studio Solution File, Format Version 12.00
# Visual Studio Version 16
VisualStudioVersion = 16.0.29613.14
MinimumVisualStudioVersion = 10.0.40219.1
Project("{FAE04EC0-301F-11D3-BF4B-00C04F79EFBC}") = "MrSharp", "MrSharp.csproj", "{B80A66FB-D776-4D95-A386-B463EC9F59ED}"
EndProject
Global
	GlobalSection(SolutionConfigurationPlatforms) = preSolution
		Debug|Any CPU = Debug|Any CPU
		Release|Any CPU = Release|Any CPU
	EndGlobalSection
	GlobalSection(ProjectConfigurationPlatforms) = postSolution
		{B80A66FB-D776-4D95-A386-B463EC9F59ED}.Debug|Any CPU.ActiveCfg = Debug|Any CPU
		{B80A66FB-D776-4D95-A386-B463EC9F59ED}.Debug|Any CPU.Build.0 = Debug|Any CPU
		{B80A66FB-D776-4D95-A386-B463EC9F59ED}.Release|Any CPU.ActiveCfg = Release|Any CPU
		{B80A66FB-D776-4D95-A386-B463EC9F59ED}.Release|Any CPU.Build.0 = Release|Any CPU
	EndGlobalSection
	GlobalSection(SolutionProperties) = preSolution
		HideSolutionNode = FALSE
	EndGlobalSection
	GlobalSection(ExtensibilityGlobals) = postSolution
		SolutionGuid = {5D945584-90F8-480F-A3A3-D6B89BD667D6}
	EndGlobalSection
EndGlobal
